
Microsoft Visual Studio Solution File, Format Version 12.00
# Visual Studio 15
VisualStudioVersion = 15.0.27703.2042
MinimumVisualStudioVersion = 10.0.40219.1
Project("{FAE04EC0-301F-11D3-BF4B-00C04F79EFBC}") = "AppSoccer.Android", "AppSoccer\AppSoccer.Android\AppSoccer.Android.csproj", "{90CA1BFB-FE37-47E5-B41A-1D9C6CB09046}"
EndProject
Project("{FAE04EC0-301F-11D3-BF4B-00C04F79EFBC}") = "AppSoccer.iOS", "AppSoccer\AppSoccer.iOS\AppSoccer.iOS.csproj", "{984B8FB4-6B1B-4068-8480-FE48E4ADB069}"
EndProject
Project("{FAE04EC0-301F-11D3-BF4B-00C04F79EFBC}") = "AppSoccer.UWP", "AppSoccer\AppSoccer.UWP\AppSoccer.UWP.csproj", "{0EB99DB5-1A9D-4228-8D3B-7A9EAD3D0FAC}"
EndProject
Project("{FAE04EC0-301F-11D3-BF4B-00C04F79EFBC}") = "AppSoccer", "AppSoccer\AppSoccer\AppSoccer.csproj", "{70F7C2CA-B56F-4331-8260-5C83FAB72920}"
EndProject
Global
	GlobalSection(SolutionConfigurationPlatforms) = preSolution
		Debug|Any CPU = Debug|Any CPU
		Debug|ARM = Debug|ARM
		Debug|iPhone = Debug|iPhone
		Debug|iPhoneSimulator = Debug|iPhoneSimulator
		Debug|x64 = Debug|x64
		Debug|x86 = Debug|x86
		Release|Any CPU = Release|Any CPU
		Release|ARM = Release|ARM
		Release|iPhone = Release|iPhone
		Release|iPhoneSimulator = Release|iPhoneSimulator
		Release|x64 = Release|x64
		Release|x86 = Release|x86
	EndGlobalSection
	GlobalSection(ProjectConfigurationPlatforms) = postSolution
		{90CA1BFB-FE37-47E5-B41A-1D9C6CB09046}.Debug|Any CPU.ActiveCfg = Debug|Any CPU
		{90CA1BFB-FE37-47E5-B41A-1D9C6CB09046}.Debug|Any CPU.Build.0 = Debug|Any CPU
		{90CA1BFB-FE37-47E5-B41A-1D9C6CB09046}.Debug|Any CPU.Deploy.0 = Debug|Any CPU
		{90CA1BFB-FE37-47E5-B41A-1D9C6CB09046}.Debug|ARM.ActiveCfg = Debug|Any CPU
		{90CA1BFB-FE37-47E5-B41A-1D9C6CB09046}.Debug|ARM.Build.0 = Debug|Any CPU
		{90CA1BFB-FE37-47E5-B41A-1D9C6CB09046}.Debug|ARM.Deploy.0 = Debug|Any CPU
		{90CA1BFB-FE37-47E5-B41A-1D9C6CB09046}.Debug|iPhone.ActiveCfg = Debug|Any CPU
		{90CA1BFB-FE37-47E5-B41A-1D9C6CB09046}.Debug|iPhone.Build.0 = Debug|Any CPU
		{90CA1BFB-FE37-47E5-B41A-1D9C6CB09046}.Debug|iPhone.Deploy.0 = Debug|Any CPU
		{90CA1BFB-FE37-47E5-B41A-1D9C6CB09046}.Debug|iPhoneSimulator.ActiveCfg = Debug|Any CPU
		{90CA1BFB-FE37-47E5-B41A-1D9C6CB09046}.Debug|iPhoneSimulator.Build.0 = Debug|Any CPU
		{90CA1BFB-FE37-47E5-B41A-1D9C6CB09046}.Debug|iPhoneSimulator.Deploy.0 = Debug|Any CPU
		{90CA1BFB-FE37-47E5-B41A-1D9C6CB09046}.Debug|x64.ActiveCfg = Debug|Any CPU
		{90CA1BFB-FE37-47E5-B41A-1D9C6CB09046}.Debug|x64.Build.0 = Debug|Any CPU
		{90CA1BFB-FE37-47E5-B41A-1D9C6CB09046}.Debug|x64.Deploy.0 = Debug|Any CPU
		{90CA1BFB-FE37-47E5-B41A-1D9C6CB09046}.Debug|x86.ActiveCfg = Debug|Any CPU
		{90CA1BFB-FE37-47E5-B41A-1D9C6CB09046}.Debug|x86.Build.0 = Debug|Any CPU
		{90CA1BFB-FE37-47E5-B41A-1D9C6CB09046}.Debug|x86.Deploy.0 = Debug|Any CPU
		{90CA1BFB-FE37-47E5-B41A-1D9C6CB09046}.Release|Any CPU.ActiveCfg = Release|Any CPU
		{90CA1BFB-FE37-47E5-B41A-1D9C6CB09046}.Release|Any CPU.Build.0 = Release|Any CPU
		{90CA1BFB-FE37-47E5-B41A-1D9C6CB09046}.Release|Any CPU.Deploy.0 = Release|Any CPU
		{90CA1BFB-FE37-47E5-B41A-1D9C6CB09046}.Release|ARM.ActiveCfg = Release|Any CPU
		{90CA1BFB-FE37-47E5-B41A-1D9C6CB09046}.Release|ARM.Build.0 = Release|Any CPU
		{90CA1BFB-FE37-47E5-B41A-1D9C6CB09046}.Release|ARM.Deploy.0 = Release|Any CPU
		{90CA1BFB-FE37-47E5-B41A-1D9C6CB09046}.Release|iPhone.ActiveCfg = Release|Any CPU
		{90CA1BFB-FE37-47E5-B41A-1D9C6CB09046}.Release|iPhone.Build.0 = Release|Any CPU
		{90CA1BFB-FE37-47E5-B41A-1D9C6CB09046}.Release|iPhone.Deploy.0 = Release|Any CPU
		{90CA1BFB-FE37-47E5-B41A-1D9C6CB09046}.Release|iPhoneSimulator.ActiveCfg = Release|Any CPU
		{90CA1BFB-FE37-47E5-B41A-1D9C6CB09046}.Release|iPhoneSimulator.Build.0 = Release|Any CPU
		{90CA1BFB-FE37-47E5-B41A-1D9C6CB09046}.Release|iPhoneSimulator.Deploy.0 = Release|Any CPU
		{90CA1BFB-FE37-47E5-B41A-1D9C6CB09046}.Release|x64.ActiveCfg = Release|Any CPU
		{90CA1BFB-FE37-47E5-B41A-1D9C6CB09046}.Release|x64.Build.0 = Release|Any CPU
		{90CA1BFB-FE37-47E5-B41A-1D9C6CB09046}.Release|x64.Deploy.0 = Release|Any CPU
		{90CA1BFB-FE37-47E5-B41A-1D9C6CB09046}.Release|x86.ActiveCfg = Release|Any CPU
		{90CA1BFB-FE37-47E5-B41A-1D9C6CB09046}.Release|x86.Build.0 = Release|Any CPU
		{90CA1BFB-FE37-47E5-B41A-1D9C6CB09046}.Release|x86.Deploy.0 = Release|Any CPU
		{984B8FB4-6B1B-4068-8480-FE48E4ADB069}.Debug|Any CPU.ActiveCfg = Debug|iPhoneSimulator
		{984B8FB4-6B1B-4068-8480-FE48E4ADB069}.Debug|Any CPU.Build.0 = Debug|iPhoneSimulator
		{984B8FB4-6B1B-4068-8480-FE48E4ADB069}.Debug|Any CPU.Deploy.0 = Debug|iPhoneSimulator
		{984B8FB4-6B1B-4068-8480-FE48E4ADB069}.Debug|ARM.ActiveCfg = Debug|iPhone
		{984B8FB4-6B1B-4068-8480-FE48E4ADB069}.Debug|ARM.Build.0 = Debug|iPhone
		{984B8FB4-6B1B-4068-8480-FE48E4ADB069}.Debug|ARM.Deploy.0 = Debug|iPhone
		{984B8FB4-6B1B-4068-8480-FE48E4ADB069}.Debug|iPhone.ActiveCfg = Debug|iPhone
		{984B8FB4-6B1B-4068-8480-FE48E4ADB069}.Debug|iPhone.Build.0 = Debug|iPhone
		{984B8FB4-6B1B-4068-8480-FE48E4ADB069}.Debug|iPhone.Deploy.0 = Debug|iPhone
		{984B8FB4-6B1B-4068-8480-FE48E4ADB069}.Debug|iPhoneSimulator.ActiveCfg = Debug|iPhoneSimulator
		{984B8FB4-6B1B-4068-8480-FE48E4ADB069}.Debug|iPhoneSimulator.Build.0 = Debug|iPhoneSimulator
		{984B8FB4-6B1B-4068-8480-FE48E4ADB069}.Debug|iPhoneSimulator.Deploy.0 = Debug|iPhoneSimulator
		{984B8FB4-6B1B-4068-8480-FE48E4ADB069}.Debug|x64.ActiveCfg = Debug|iPhone
		{984B8FB4-6B1B-4068-8480-FE48E4ADB069}.Debug|x64.Build.0 = Debug|iPhone
		{984B8FB4-6B1B-4068-8480-FE48E4ADB069}.Debug|x64.Deploy.0 = Debug|iPhone
		{984B8FB4-6B1B-4068-8480-FE48E4ADB069}.Debug|x86.ActiveCfg = Debug|iPhone
		{984B8FB4-6B1B-4068-8480-FE48E4ADB069}.Debug|x86.Build.0 = Debug|iPhone
		{984B8FB4-6B1B-4068-8480-FE48E4ADB069}.Debug|x86.Deploy.0 = Debug|iPhone
		{984B8FB4-6B1B-4068-8480-FE48E4ADB069}.Release|Any CPU.ActiveCfg = Release|iPhone
		{984B8FB4-6B1B-4068-8480-FE48E4ADB069}.Release|Any CPU.Build.0 = Release|iPhone
		{984B8FB4-6B1B-4068-8480-FE48E4ADB069}.Release|Any CPU.Deploy.0 = Release|iPhone
		{984B8FB4-6B1B-4068-8480-FE48E4ADB069}.Release|ARM.ActiveCfg = Release|iPhone
		{984B8FB4-6B1B-4068-8480-FE48E4ADB069}.Release|ARM.Build.0 = Release|iPhone
		{984B8FB4-6B1B-4068-8480-FE48E4ADB069}.Release|ARM.Deploy.0 = Release|iPhone
		{984B8FB4-6B1B-4068-8480-FE48E4ADB069}.Release|iPhone.ActiveCfg = Release|iPhone
		{984B8FB4-6B1B-4068-8480-FE48E4ADB069}.Release|iPhone.Build.0 = Release|iPhone
		{984B8FB4-6B1B-4068-8480-FE48E4ADB069}.Release|iPhone.Deploy.0 = Release|iPhone
		{984B8FB4-6B1B-4068-8480-FE48E4ADB069}.Release|iPhoneSimulator.ActiveCfg = Release|iPhoneSimulator
		{984B8FB4-6B1B-4068-8480-FE48E4ADB069}.Release|iPhoneSimulator.Build.0 = Release|iPhoneSimulator
		{984B8FB4-6B1B-4068-8480-FE48E4ADB069}.Release|iPhoneSimulator.Deploy.0 = Release|iPhoneSimulator
		{984B8FB4-6B1B-4068-8480-FE48E4ADB069}.Release|x64.ActiveCfg = Release|iPhone
		{984B8FB4-6B1B-4068-8480-FE48E4ADB069}.Release|x64.Build.0 = Release|iPhone
		{984B8FB4-6B1B-4068-8480-FE48E4ADB069}.Release|x64.Deploy.0 = Release|iPhone
		{984B8FB4-6B1B-4068-8480-FE48E4ADB069}.Release|x86.ActiveCfg = Release|iPhone
		{984B8FB4-6B1B-4068-8480-FE48E4ADB069}.Release|x86.Build.0 = Release|iPhone
		{984B8FB4-6B1B-4068-8480-FE48E4ADB069}.Release|x86.Deploy.0 = Release|iPhone
		{0EB99DB5-1A9D-4228-8D3B-7A9EAD3D0FAC}.Debug|Any CPU.ActiveCfg = Debug|x86
		{0EB99DB5-1A9D-4228-8D3B-7A9EAD3D0FAC}.Debug|Any CPU.Build.0 = Debug|x86
		{0EB99DB5-1A9D-4228-8D3B-7A9EAD3D0FAC}.Debug|Any CPU.Deploy.0 = Debug|x86
		{0EB99DB5-1A9D-4228-8D3B-7A9EAD3D0FAC}.Debug|ARM.ActiveCfg = Debug|ARM
		{0EB99DB5-1A9D-4228-8D3B-7A9EAD3D0FAC}.Debug|ARM.Build.0 = Debug|ARM
		{0EB99DB5-1A9D-4228-8D3B-7A9EAD3D0FAC}.Debug|ARM.Deploy.0 = Debug|ARM
		{0EB99DB5-1A9D-4228-8D3B-7A9EAD3D0FAC}.Debug|iPhone.ActiveCfg = Debug|x86
		{0EB99DB5-1A9D-4228-8D3B-7A9EAD3D0FAC}.Debug|iPhone.Build.0 = Debug|x86
		{0EB99DB5-1A9D-4228-8D3B-7A9EAD3D0FAC}.Debug|iPhone.Deploy.0 = Debug|x86
		{0EB99DB5-1A9D-4228-8D3B-7A9EAD3D0FAC}.Debug|iPhoneSimulator.ActiveCfg = Debug|x86
		{0EB99DB5-1A9D-4228-8D3B-7A9EAD3D0FAC}.Debug|iPhoneSimulator.Build.0 = Debug|x86
		{0EB99DB5-1A9D-4228-8D3B-7A9EAD3D0FAC}.Debug|iPhoneSimulator.Deploy.0 = Debug|x86
		{0EB99DB5-1A9D-4228-8D3B-7A9EAD3D0FAC}.Debug|x64.ActiveCfg = Debug|x64
		{0EB99DB5-1A9D-4228-8D3B-7A9EAD3D0FAC}.Debug|x64.Build.0 = Debug|x64
		{0EB99DB5-1A9D-4228-8D3B-7A9EAD3D0FAC}.Debug|x64.Deploy.0 = Debug|x64
		{0EB99DB5-1A9D-4228-8D3B-7A9EAD3D0FAC}.Debug|x86.ActiveCfg = Debug|x86
		{0EB99DB5-1A9D-4228-8D3B-7A9EAD3D0FAC}.Debug|x86.Build.0 = Debug|x86
		{0EB99DB5-1A9D-4228-8D3B-7A9EAD3D0FAC}.Debug|x86.Deploy.0 = Debug|x86
		{0EB99DB5-1A9D-4228-8D3B-7A9EAD3D0FAC}.Release|Any CPU.ActiveCfg = Release|x86
		{0EB99DB5-1A9D-4228-8D3B-7A9EAD3D0FAC}.Release|Any CPU.Build.0 = Release|x86
		{0EB99DB5-1A9D-4228-8D3B-7A9EAD3D0FAC}.Release|Any CPU.Deploy.0 = Release|x86
		{0EB99DB5-1A9D-4228-8D3B-7A9EAD3D0FAC}.Release|ARM.ActiveCfg = Release|ARM
		{0EB99DB5-1A9D-4228-8D3B-7A9EAD3D0FAC}.Release|ARM.Build.0 = Release|ARM
		{0EB99DB5-1A9D-4228-8D3B-7A9EAD3D0FAC}.Release|ARM.Deploy.0 = Release|ARM
		{0EB99DB5-1A9D-4228-8D3B-7A9EAD3D0FAC}.Release|iPhone.ActiveCfg = Release|x86
		{0EB99DB5-1A9D-4228-8D3B-7A9EAD3D0FAC}.Release|iPhone.Build.0 = Release|x86
		{0EB99DB5-1A9D-4228-8D3B-7A9EAD3D0FAC}.Release|iPhone.Deploy.0 = Release|x86
		{0EB99DB5-1A9D-4228-8D3B-7A9EAD3D0FAC}.Release|iPhoneSimulator.ActiveCfg = Release|x86
		{0EB99DB5-1A9D-4228-8D3B-7A9EAD3D0FAC}.Release|iPhoneSimulator.Build.0 = Release|x86
		{0EB99DB5-1A9D-4228-8D3B-7A9EAD3D0FAC}.Release|iPhoneSimulator.Deploy.0 = Release|x86
		{0EB99DB5-1A9D-4228-8D3B-7A9EAD3D0FAC}.Release|x64.ActiveCfg = Release|x64
		{0EB99DB5-1A9D-4228-8D3B-7A9EAD3D0FAC}.Release|x64.Build.0 = Release|x64
		{0EB99DB5-1A9D-4228-8D3B-7A9EAD3D0FAC}.Release|x64.Deploy.0 = Release|x64
		{0EB99DB5-1A9D-4228-8D3B-7A9EAD3D0FAC}.Release|x86.ActiveCfg = Release|x86
		{0EB99DB5-1A9D-4228-8D3B-7A9EAD3D0FAC}.Release|x86.Build.0 = Release|x86
		{0EB99DB5-1A9D-4228-8D3B-7A9EAD3D0FAC}.Release|x86.Deploy.0 = Release|x86
		{70F7C2CA-B56F-4331-8260-5C83FAB72920}.Debug|Any CPU.ActiveCfg = Debug|Any CPU
		{70F7C2CA-B56F-4331-8260-5C83FAB72920}.Debug|Any CPU.Build.0 = Debug|Any CPU
		{70F7C2CA-B56F-4331-8260-5C83FAB72920}.Debug|Any CPU.Deploy.0 = Debug|Any CPU
		{70F7C2CA-B56F-4331-8260-5C83FAB72920}.Debug|ARM.ActiveCfg = Debug|Any CPU
		{70F7C2CA-B56F-4331-8260-5C83FAB72920}.Debug|ARM.Build.0 = Debug|Any CPU
		{70F7C2CA-B56F-4331-8260-5C83FAB72920}.Debug|ARM.Deploy.0 = Debug|Any CPU
		{70F7C2CA-B56F-4331-8260-5C83FAB72920}.Debug|iPhone.ActiveCfg = Debug|Any CPU
		{70F7C2CA-B56F-4331-8260-5C83FAB72920}.Debug|iPhone.Build.0 = Debug|Any CPU
		{70F7C2CA-B56F-4331-8260-5C83FAB72920}.Debug|iPhone.Deploy.0 = Debug|Any CPU
		{70F7C2CA-B56F-4331-8260-5C83FAB72920}.Debug|iPhoneSimulator.ActiveCfg = Debug|Any CPU
		{70F7C2CA-B56F-4331-8260-5C83FAB72920}.Debug|iPhoneSimulator.Build.0 = Debug|Any CPU
		{70F7C2CA-B56F-4331-8260-5C83FAB72920}.Debug|iPhoneSimulator.Deploy.0 = Debug|Any CPU
		{70F7C2CA-B56F-4331-8260-5C83FAB72920}.Debug|x64.ActiveCfg = Debug|Any CPU
		{70F7C2CA-B56F-4331-8260-5C83FAB72920}.Debug|x64.Build.0 = Debug|Any CPU
		{70F7C2CA-B56F-4331-8260-5C83FAB72920}.Debug|x64.Deploy.0 = Debug|Any CPU
		{70F7C2CA-B56F-4331-8260-5C83FAB72920}.Debug|x86.ActiveCfg = Debug|Any CPU
		{70F7C2CA-B56F-4331-8260-5C83FAB72920}.Debug|x86.Build.0 = Debug|Any CPU
		{70F7C2CA-B56F-4331-8260-5C83FAB72920}.Debug|x86.Deploy.0 = Debug|Any CPU
		{70F7C2CA-B56F-4331-8260-5C83FAB72920}.Release|Any CPU.ActiveCfg = Release|Any CPU
		{70F7C2CA-B56F-4331-8260-5C83FAB72920}.Release|Any CPU.Build.0 = Release|Any CPU
		{70F7C2CA-B56F-4331-8260-5C83FAB72920}.Release|Any CPU.Deploy.0 = Release|Any CPU
		{70F7C2CA-B56F-4331-8260-5C83FAB72920}.Release|ARM.ActiveCfg = Release|Any CPU
		{70F7C2CA-B56F-4331-8260-5C83FAB72920}.Release|ARM.Build.0 = Release|Any CPU
		{70F7C2CA-B56F-4331-8260-5C83FAB72920}.Release|ARM.Deploy.0 = Release|Any CPU
		{70F7C2CA-B56F-4331-8260-5C83FAB72920}.Release|iPhone.ActiveCfg = Release|Any CPU
		{70F7C2CA-B56F-4331-8260-5C83FAB72920}.Release|iPhone.Build.0 = Release|Any CPU
		{70F7C2CA-B56F-4331-8260-5C83FAB72920}.Release|iPhone.Deploy.0 = Release|Any CPU
		{70F7C2CA-B56F-4331-8260-5C83FAB72920}.Release|iPhoneSimulator.ActiveCfg = Release|Any CPU
		{70F7C2CA-B56F-4331-8260-5C83FAB72920}.Release|iPhoneSimulator.Build.0 = Release|Any CPU
		{70F7C2CA-B56F-4331-8260-5C83FAB72920}.Release|iPhoneSimulator.Deploy.0 = Release|Any CPU
		{70F7C2CA-B56F-4331-8260-5C83FAB72920}.Release|x64.ActiveCfg = Release|Any CPU
		{70F7C2CA-B56F-4331-8260-5C83FAB72920}.Release|x64.Build.0 = Release|Any CPU
		{70F7C2CA-B56F-4331-8260-5C83FAB72920}.Release|x64.Deploy.0 = Release|Any CPU
		{70F7C2CA-B56F-4331-8260-5C83FAB72920}.Release|x86.ActiveCfg = Release|Any CPU
		{70F7C2CA-B56F-4331-8260-5C83FAB72920}.Release|x86.Build.0 = Release|Any CPU
		{70F7C2CA-B56F-4331-8260-5C83FAB72920}.Release|x86.Deploy.0 = Release|Any CPU
	EndGlobalSection
	GlobalSection(SolutionProperties) = preSolution
		HideSolutionNode = FALSE
	EndGlobalSection
	GlobalSection(ExtensibilityGlobals) = postSolution
		SolutionGuid = {A59614A3-0EEB-4A54-927A-24A41870D2E2}
	EndGlobalSection
EndGlobal
