
Microsoft Visual Studio Solution File, Format Version 12.00
# Visual Studio 15
VisualStudioVersion = 15.0.27703.2035
MinimumVisualStudioVersion = 10.0.40219.1
Project("{FAE04EC0-301F-11D3-BF4B-00C04F79EFBC}") = "App4.Android", "App4\App4.Android\App4.Android.csproj", "{05078CC9-FE93-476E-B419-91F43418F93B}"
EndProject
Project("{D954291E-2A0B-460D-934E-DC6B0785DB48}") = "App4", "App4\App4\App4.shproj", "{6E307E98-8519-40EF-BC9A-1EEE0C9B2F56}"
EndProject
Global
	GlobalSection(SharedMSBuildProjectFiles) = preSolution
		App4\App4\App4.projitems*{05078cc9-fe93-476e-b419-91f43418f93b}*SharedItemsImports = 4
		App4\App4\App4.projitems*{6e307e98-8519-40ef-bc9a-1eee0c9b2f56}*SharedItemsImports = 13
	EndGlobalSection
	GlobalSection(SolutionConfigurationPlatforms) = preSolution
		Debug|Any CPU = Debug|Any CPU
		Release|Any CPU = Release|Any CPU
	EndGlobalSection
	GlobalSection(ProjectConfigurationPlatforms) = postSolution
		{05078CC9-FE93-476E-B419-91F43418F93B}.Debug|Any CPU.ActiveCfg = Debug|Any CPU
		{05078CC9-FE93-476E-B419-91F43418F93B}.Debug|Any CPU.Build.0 = Debug|Any CPU
		{05078CC9-FE93-476E-B419-91F43418F93B}.Debug|Any CPU.Deploy.0 = Debug|Any CPU
		{05078CC9-FE93-476E-B419-91F43418F93B}.Release|Any CPU.ActiveCfg = Release|Any CPU
		{05078CC9-FE93-476E-B419-91F43418F93B}.Release|Any CPU.Build.0 = Release|Any CPU
		{05078CC9-FE93-476E-B419-91F43418F93B}.Release|Any CPU.Deploy.0 = Release|Any CPU
	EndGlobalSection
	GlobalSection(SolutionProperties) = preSolution
		HideSolutionNode = FALSE
	EndGlobalSection
	GlobalSection(ExtensibilityGlobals) = postSolution
		SolutionGuid = {6F775F0A-F598-49CE-B55B-C5B013F7C7A8}
	EndGlobalSection
EndGlobal
