
Microsoft Visual Studio Solution File, Format Version 12.00
# Visual Studio 15
VisualStudioVersion = 15.0.27130.2027
MinimumVisualStudioVersion = 10.0.40219.1
Project("{FAE04EC0-301F-11D3-BF4B-00C04F79EFBC}") = "WebAppiBooks2", "WebAppiBooks2\WebAppiBooks2.csproj", "{71378F99-7CAB-4DC1-8E00-3DC2C38F5B23}"
EndProject
Project("{FAE04EC0-301F-11D3-BF4B-00C04F79EFBC}") = "WebAppiBooks2.Tests", "WebAppiBooks2.Tests\WebAppiBooks2.Tests.csproj", "{536270AD-457E-441B-AA9B-AB1E29E9CBB9}"
EndProject
Global
	GlobalSection(SolutionConfigurationPlatforms) = preSolution
		Debug|Any CPU = Debug|Any CPU
		Release|Any CPU = Release|Any CPU
	EndGlobalSection
	GlobalSection(ProjectConfigurationPlatforms) = postSolution
		{71378F99-7CAB-4DC1-8E00-3DC2C38F5B23}.Debug|Any CPU.ActiveCfg = Debug|Any CPU
		{71378F99-7CAB-4DC1-8E00-3DC2C38F5B23}.Debug|Any CPU.Build.0 = Debug|Any CPU
		{71378F99-7CAB-4DC1-8E00-3DC2C38F5B23}.Release|Any CPU.ActiveCfg = Release|Any CPU
		{71378F99-7CAB-4DC1-8E00-3DC2C38F5B23}.Release|Any CPU.Build.0 = Release|Any CPU
		{536270AD-457E-441B-AA9B-AB1E29E9CBB9}.Debug|Any CPU.ActiveCfg = Debug|Any CPU
		{536270AD-457E-441B-AA9B-AB1E29E9CBB9}.Debug|Any CPU.Build.0 = Debug|Any CPU
		{536270AD-457E-441B-AA9B-AB1E29E9CBB9}.Release|Any CPU.ActiveCfg = Release|Any CPU
		{536270AD-457E-441B-AA9B-AB1E29E9CBB9}.Release|Any CPU.Build.0 = Release|Any CPU
	EndGlobalSection
	GlobalSection(SolutionProperties) = preSolution
		HideSolutionNode = FALSE
	EndGlobalSection
	GlobalSection(ExtensibilityGlobals) = postSolution
		SolutionGuid = {8CEA9D5D-EAE4-4748-92BA-3A967D04EB09}
	EndGlobalSection
EndGlobal
