
Microsoft Visual Studio Solution File, Format Version 12.00
# Visual Studio 15
VisualStudioVersion = 15.0.27428.2005
MinimumVisualStudioVersion = 10.0.40219.1
Project("{FAE04EC0-301F-11D3-BF4B-00C04F79EFBC}") = "WebApplication3", "WebApplication3\WebApplication3.csproj", "{2F5549EC-E8FC-4FFD-8E01-B155C8FAA32E}"
EndProject
Global
	GlobalSection(SolutionConfigurationPlatforms) = preSolution
		Debug|Any CPU = Debug|Any CPU
		Release|Any CPU = Release|Any CPU
	EndGlobalSection
	GlobalSection(ProjectConfigurationPlatforms) = postSolution
		{2F5549EC-E8FC-4FFD-8E01-B155C8FAA32E}.Debug|Any CPU.ActiveCfg = Debug|Any CPU
		{2F5549EC-E8FC-4FFD-8E01-B155C8FAA32E}.Debug|Any CPU.Build.0 = Debug|Any CPU
		{2F5549EC-E8FC-4FFD-8E01-B155C8FAA32E}.Release|Any CPU.ActiveCfg = Release|Any CPU
		{2F5549EC-E8FC-4FFD-8E01-B155C8FAA32E}.Release|Any CPU.Build.0 = Release|Any CPU
	EndGlobalSection
	GlobalSection(SolutionProperties) = preSolution
		HideSolutionNode = FALSE
	EndGlobalSection
	GlobalSection(ExtensibilityGlobals) = postSolution
		SolutionGuid = {33FD764E-C175-489D-ACA9-239DE13379EC}
	EndGlobalSection
EndGlobal
